// !$*UTF8*$!
{
	archiveVersion = 1;
	classes = {
	};
	objectVersion = 46;
	objects = {

/* Begin PBXBuildFile section */
		3D8A836F1C8916EE00D7EB9E /* AppDelegate.swift in Sources */ = {isa = PBXBuildFile; fileRef = 3D8A836E1C8916EE00D7EB9E /* AppDelegate.swift */; };
		3D8A83741C8916EE00D7EB9E /* Main.storyboard in Resources */ = {isa = PBXBuildFile; fileRef = 3D8A83721C8916EE00D7EB9E /* Main.storyboard */; };
		3D8A83761C8916EE00D7EB9E /* Assets.xcassets in Resources */ = {isa = PBXBuildFile; fileRef = 3D8A83751C8916EE00D7EB9E /* Assets.xcassets */; };
		3D8A83791C8916EE00D7EB9E /* LaunchScreen.storyboard in Resources */ = {isa = PBXBuildFile; fileRef = 3D8A83771C8916EE00D7EB9E /* LaunchScreen.storyboard */; };
		3DF99EB31C891A940008FAFF /* AnyQuery.framework in Frameworks */ = {isa = PBXBuildFile; fileRef = 3DF99EB21C891A940008FAFF /* AnyQuery.framework */; };
		3DF99EB41C891A940008FAFF /* AnyQuery.framework in Embed Frameworks */ = {isa = PBXBuildFile; fileRef = 3DF99EB21C891A940008FAFF /* AnyQuery.framework */; settings = {ATTRIBUTES = (CodeSignOnCopy, RemoveHeadersOnCopy, ); }; };
		3DF99EB71C891AAA0008FAFF /* SwiftTask.framework in Frameworks */ = {isa = PBXBuildFile; fileRef = 3DF99EB61C891AAA0008FAFF /* SwiftTask.framework */; };
		3DF99EB81C891AAA0008FAFF /* SwiftTask.framework in Embed Frameworks */ = {isa = PBXBuildFile; fileRef = 3DF99EB61C891AAA0008FAFF /* SwiftTask.framework */; settings = {ATTRIBUTES = (CodeSignOnCopy, RemoveHeadersOnCopy, ); }; };
		3DF99EBB1C891B380008FAFF /* PokemonTableViewController.swift in Sources */ = {isa = PBXBuildFile; fileRef = 3DF99EBA1C891B380008FAFF /* PokemonTableViewController.swift */; };
		3DF99EBD1C891C3E0008FAFF /* Repository.swift in Sources */ = {isa = PBXBuildFile; fileRef = 3DF99EBC1C891C3E0008FAFF /* Repository.swift */; };
		3DF99EBF1C891F5A0008FAFF /* AnyRepository.swift in Sources */ = {isa = PBXBuildFile; fileRef = 3DF99EBE1C891F5A0008FAFF /* AnyRepository.swift */; };
		3DF99EC11C8924E30008FAFF /* MemoryPokemonRepository.swift in Sources */ = {isa = PBXBuildFile; fileRef = 3DF99EC01C8924E30008FAFF /* MemoryPokemonRepository.swift */; };
		3DF99EC31C8928650008FAFF /* Pokemon.swift in Sources */ = {isa = PBXBuildFile; fileRef = 3DF99EC21C8928650008FAFF /* Pokemon.swift */; };
		3DF99EC51C892B8E0008FAFF /* RepositoryError.swift in Sources */ = {isa = PBXBuildFile; fileRef = 3DF99EC41C892B8E0008FAFF /* RepositoryError.swift */; };
		3DF99EC71C892CF50008FAFF /* NSPokemon.swift in Sources */ = {isa = PBXBuildFile; fileRef = 3DF99EC61C892CF50008FAFF /* NSPokemon.swift */; };
/* End PBXBuildFile section */

/* Begin PBXCopyFilesBuildPhase section */
		3DF99EB51C891A940008FAFF /* Embed Frameworks */ = {
			isa = PBXCopyFilesBuildPhase;
			buildActionMask = 2147483647;
			dstPath = "";
			dstSubfolderSpec = 10;
			files = (
				3DF99EB41C891A940008FAFF /* AnyQuery.framework in Embed Frameworks */,
				3DF99EB81C891AAA0008FAFF /* SwiftTask.framework in Embed Frameworks */,
			);
			name = "Embed Frameworks";
			runOnlyForDeploymentPostprocessing = 0;
		};
/* End PBXCopyFilesBuildPhase section */

/* Begin PBXFileReference section */
		3D8A836B1C8916EE00D7EB9E /* Repository.app */ = {isa = PBXFileReference; explicitFileType = wrapper.application; includeInIndex = 0; path = Repository.app; sourceTree = BUILT_PRODUCTS_DIR; };
		3D8A836E1C8916EE00D7EB9E /* AppDelegate.swift */ = {isa = PBXFileReference; lastKnownFileType = sourcecode.swift; path = AppDelegate.swift; sourceTree = "<group>"; };
		3D8A83731C8916EE00D7EB9E /* Base */ = {isa = PBXFileReference; lastKnownFileType = file.storyboard; name = Base; path = Base.lproj/Main.storyboard; sourceTree = "<group>"; };
		3D8A83751C8916EE00D7EB9E /* Assets.xcassets */ = {isa = PBXFileReference; lastKnownFileType = folder.assetcatalog; path = Assets.xcassets; sourceTree = "<group>"; };
		3D8A83781C8916EE00D7EB9E /* Base */ = {isa = PBXFileReference; lastKnownFileType = file.storyboard; name = Base; path = Base.lproj/LaunchScreen.storyboard; sourceTree = "<group>"; };
		3D8A837A1C8916EE00D7EB9E /* Info.plist */ = {isa = PBXFileReference; lastKnownFileType = text.plist.xml; path = Info.plist; sourceTree = "<group>"; };
		3DF99EB21C891A940008FAFF /* AnyQuery.framework */ = {isa = PBXFileReference; lastKnownFileType = wrapper.framework; name = AnyQuery.framework; path = Carthage/Build/iOS/AnyQuery.framework; sourceTree = "<group>"; };
		3DF99EB61C891AAA0008FAFF /* SwiftTask.framework */ = {isa = PBXFileReference; lastKnownFileType = wrapper.framework; name = SwiftTask.framework; path = Carthage/Build/iOS/SwiftTask.framework; sourceTree = "<group>"; };
		3DF99EBA1C891B380008FAFF /* PokemonTableViewController.swift */ = {isa = PBXFileReference; fileEncoding = 4; lastKnownFileType = sourcecode.swift; path = PokemonTableViewController.swift; sourceTree = "<group>"; };
		3DF99EBC1C891C3E0008FAFF /* Repository.swift */ = {isa = PBXFileReference; fileEncoding = 4; lastKnownFileType = sourcecode.swift; path = Repository.swift; sourceTree = "<group>"; };
		3DF99EBE1C891F5A0008FAFF /* AnyRepository.swift */ = {isa = PBXFileReference; fileEncoding = 4; lastKnownFileType = sourcecode.swift; path = AnyRepository.swift; sourceTree = "<group>"; };
		3DF99EC01C8924E30008FAFF /* MemoryPokemonRepository.swift */ = {isa = PBXFileReference; fileEncoding = 4; lastKnownFileType = sourcecode.swift; path = MemoryPokemonRepository.swift; sourceTree = "<group>"; };
		3DF99EC21C8928650008FAFF /* Pokemon.swift */ = {isa = PBXFileReference; fileEncoding = 4; lastKnownFileType = sourcecode.swift; path = Pokemon.swift; sourceTree = "<group>"; };
		3DF99EC41C892B8E0008FAFF /* RepositoryError.swift */ = {isa = PBXFileReference; fileEncoding = 4; lastKnownFileType = sourcecode.swift; path = RepositoryError.swift; sourceTree = "<group>"; };
		3DF99EC61C892CF50008FAFF /* NSPokemon.swift */ = {isa = PBXFileReference; fileEncoding = 4; lastKnownFileType = sourcecode.swift; path = NSPokemon.swift; sourceTree = "<group>"; };
/* End PBXFileReference section */

/* Begin PBXFrameworksBuildPhase section */
		3D8A83681C8916EE00D7EB9E /* Frameworks */ = {
			isa = PBXFrameworksBuildPhase;
			buildActionMask = 2147483647;
			files = (
				3DF99EB31C891A940008FAFF /* AnyQuery.framework in Frameworks */,
				3DF99EB71C891AAA0008FAFF /* SwiftTask.framework in Frameworks */,
			);
			runOnlyForDeploymentPostprocessing = 0;
		};
/* End PBXFrameworksBuildPhase section */

/* Begin PBXGroup section */
		3D8A83621C8916EE00D7EB9E = {
			isa = PBXGroup;
			children = (
				3D8A836D1C8916EE00D7EB9E /* Repository */,
				3D8A836C1C8916EE00D7EB9E /* Products */,
				3DF99EB91C891AAF0008FAFF /* Frameworks */,
			);
			sourceTree = "<group>";
		};
		3D8A836C1C8916EE00D7EB9E /* Products */ = {
			isa = PBXGroup;
			children = (
				3D8A836B1C8916EE00D7EB9E /* Repository.app */,
			);
			name = Products;
			sourceTree = "<group>";
		};
		3D8A836D1C8916EE00D7EB9E /* Repository */ = {
			isa = PBXGroup;
			children = (
				3D8A837A1C8916EE00D7EB9E /* Info.plist */,
				3DF99EBE1C891F5A0008FAFF /* AnyRepository.swift */,
				3D8A836E1C8916EE00D7EB9E /* AppDelegate.swift */,
				3DF99EC01C8924E30008FAFF /* MemoryPokemonRepository.swift */,
				3DF99EC61C892CF50008FAFF /* NSPokemon.swift */,
				3DF99EC21C8928650008FAFF /* Pokemon.swift */,
				3DF99EBA1C891B380008FAFF /* PokemonTableViewController.swift */,
				3DF99EBC1C891C3E0008FAFF /* Repository.swift */,
				3DF99EC41C892B8E0008FAFF /* RepositoryError.swift */,
				3D8A83751C8916EE00D7EB9E /* Assets.xcassets */,
				3D8A83771C8916EE00D7EB9E /* LaunchScreen.storyboard */,
				3D8A83721C8916EE00D7EB9E /* Main.storyboard */,
			);
			path = Repository;
			sourceTree = "<group>";
		};
		3DF99EB91C891AAF0008FAFF /* Frameworks */ = {
			isa = PBXGroup;
			children = (
				3DF99EB61C891AAA0008FAFF /* SwiftTask.framework */,
				3DF99EB21C891A940008FAFF /* AnyQuery.framework */,
			);
			name = Frameworks;
			sourceTree = "<group>";
		};
/* End PBXGroup section */

/* Begin PBXNativeTarget section */
		3D8A836A1C8916EE00D7EB9E /* Repository */ = {
			isa = PBXNativeTarget;
			buildConfigurationList = 3D8A837D1C8916EE00D7EB9E /* Build configuration list for PBXNativeTarget "Repository" */;
			buildPhases = (
				3D8A83671C8916EE00D7EB9E /* Sources */,
				3D8A83681C8916EE00D7EB9E /* Frameworks */,
				3D8A83691C8916EE00D7EB9E /* Resources */,
				3DF99EB51C891A940008FAFF /* Embed Frameworks */,
			);
			buildRules = (
			);
			dependencies = (
			);
			name = Repository;
			productName = Repository;
			productReference = 3D8A836B1C8916EE00D7EB9E /* Repository.app */;
			productType = "com.apple.product-type.application";
		};
/* End PBXNativeTarget section */

/* Begin PBXProject section */
		3D8A83631C8916EE00D7EB9E /* Project object */ = {
			isa = PBXProject;
			attributes = {
				LastSwiftUpdateCheck = 0720;
				LastUpgradeCheck = 0720;
				ORGANIZATIONNAME = "Naoto Kaneko";
				TargetAttributes = {
					3D8A836A1C8916EE00D7EB9E = {
						CreatedOnToolsVersion = 7.2.1;
					};
				};
			};
			buildConfigurationList = 3D8A83661C8916EE00D7EB9E /* Build configuration list for PBXProject "Repository" */;
			compatibilityVersion = "Xcode 3.2";
			developmentRegion = English;
			hasScannedForEncodings = 0;
			knownRegions = (
				en,
				Base,
			);
			mainGroup = 3D8A83621C8916EE00D7EB9E;
			productRefGroup = 3D8A836C1C8916EE00D7EB9E /* Products */;
			projectDirPath = "";
			projectRoot = "";
			targets = (
				3D8A836A1C8916EE00D7EB9E /* Repository */,
			);
		};
/* End PBXProject section */

/* Begin PBXResourcesBuildPhase section */
		3D8A83691C8916EE00D7EB9E /* Resources */ = {
			isa = PBXResourcesBuildPhase;
			buildActionMask = 2147483647;
			files = (
				3D8A83791C8916EE00D7EB9E /* LaunchScreen.storyboard in Resources */,
				3D8A83761C8916EE00D7EB9E /* Assets.xcassets in Resources */,
				3D8A83741C8916EE00D7EB9E /* Main.storyboard in Resources */,
			);
			runOnlyForDeploymentPostprocessing = 0;
		};
/* End PBXResourcesBuildPhase section */

/* Begin PBXSourcesBuildPhase section */
		3D8A83671C8916EE00D7EB9E /* Sources */ = {
			isa = PBXSourcesBuildPhase;
			buildActionMask = 2147483647;
			files = (
				3DF99EBB1C891B380008FAFF /* PokemonTableViewController.swift in Sources */,
				3D8A836F1C8916EE00D7EB9E /* AppDelegate.swift in Sources */,
				3DF99EBF1C891F5A0008FAFF /* AnyRepository.swift in Sources */,
				3DF99EBD1C891C3E0008FAFF /* Repository.swift in Sources */,
				3DF99EC71C892CF50008FAFF /* NSPokemon.swift in Sources */,
				3DF99EC11C8924E30008FAFF /* MemoryPokemonRepository.swift in Sources */,
				3DF99EC51C892B8E0008FAFF /* RepositoryError.swift in Sources */,
				3DF99EC31C8928650008FAFF /* Pokemon.swift in Sources */,
			);
			runOnlyForDeploymentPostprocessing = 0;
		};
/* End PBXSourcesBuildPhase section */

/* Begin PBXVariantGroup section */
		3D8A83721C8916EE00D7EB9E /* Main.storyboard */ = {
			isa = PBXVariantGroup;
			children = (
				3D8A83731C8916EE00D7EB9E /* Base */,
			);
			name = Main.storyboard;
			sourceTree = "<group>";
		};
		3D8A83771C8916EE00D7EB9E /* LaunchScreen.storyboard */ = {
			isa = PBXVariantGroup;
			children = (
				3D8A83781C8916EE00D7EB9E /* Base */,
			);
			name = LaunchScreen.storyboard;
			sourceTree = "<group>";
		};
/* End PBXVariantGroup section */

/* Begin XCBuildConfiguration section */
		3D8A837B1C8916EE00D7EB9E /* Debug */ = {
			isa = XCBuildConfiguration;
			buildSettings = {
				ALWAYS_SEARCH_USER_PATHS = NO;
				CLANG_CXX_LANGUAGE_STANDARD = "gnu++0x";
				CLANG_CXX_LIBRARY = "libc++";
				CLANG_ENABLE_MODULES = YES;
				CLANG_ENABLE_OBJC_ARC = YES;
				CLANG_WARN_BOOL_CONVERSION = YES;
				CLANG_WARN_CONSTANT_CONVERSION = YES;
				CLANG_WARN_DIRECT_OBJC_ISA_USAGE = YES_ERROR;
				CLANG_WARN_EMPTY_BODY = YES;
				CLANG_WARN_ENUM_CONVERSION = YES;
				CLANG_WARN_INT_CONVERSION = YES;
				CLANG_WARN_OBJC_ROOT_CLASS = YES_ERROR;
				CLANG_WARN_UNREACHABLE_CODE = YES;
				CLANG_WARN__DUPLICATE_METHOD_MATCH = YES;
				"CODE_SIGN_IDENTITY[sdk=iphoneos*]" = "iPhone Developer";
				COPY_PHASE_STRIP = NO;
				DEBUG_INFORMATION_FORMAT = dwarf;
				ENABLE_STRICT_OBJC_MSGSEND = YES;
				ENABLE_TESTABILITY = YES;
				GCC_C_LANGUAGE_STANDARD = gnu99;
				GCC_DYNAMIC_NO_PIC = NO;
				GCC_NO_COMMON_BLOCKS = YES;
				GCC_OPTIMIZATION_LEVEL = 0;
				GCC_PREPROCESSOR_DEFINITIONS = (
					"DEBUG=1",
					"$(inherited)",
				);
				GCC_WARN_64_TO_32_BIT_CONVERSION = YES;
				GCC_WARN_ABOUT_RETURN_TYPE = YES_ERROR;
				GCC_WARN_UNDECLARED_SELECTOR = YES;
				GCC_WARN_UNINITIALIZED_AUTOS = YES_AGGRESSIVE;
				GCC_WARN_UNUSED_FUNCTION = YES;
				GCC_WARN_UNUSED_VARIABLE = YES;
				IPHONEOS_DEPLOYMENT_TARGET = 9.2;
				MTL_ENABLE_DEBUG_INFO = YES;
				ONLY_ACTIVE_ARCH = YES;
				SDKROOT = iphoneos;
				SWIFT_OPTIMIZATION_LEVEL = "-Onone";
			};
			name = Debug;
		};
		3D8A837C1C8916EE00D7EB9E /* Release */ = {
			isa = XCBuildConfiguration;
			buildSettings = {
				ALWAYS_SEARCH_USER_PATHS = NO;
				CLANG_CXX_LANGUAGE_STANDARD = "gnu++0x";
				CLANG_CXX_LIBRARY = "libc++";
				CLANG_ENABLE_MODULES = YES;
				CLANG_ENABLE_OBJC_ARC = YES;
				CLANG_WARN_BOOL_CONVERSION = YES;
				CLANG_WARN_CONSTANT_CONVERSION = YES;
				CLANG_WARN_DIRECT_OBJC_ISA_USAGE = YES_ERROR;
				CLANG_WARN_EMPTY_BODY = YES;
				CLANG_WARN_ENUM_CONVERSION = YES;
				CLANG_WARN_INT_CONVERSION = YES;
				CLANG_WARN_OBJC_ROOT_CLASS = YES_ERROR;
				CLANG_WARN_UNREACHABLE_CODE = YES;
				CLANG_WARN__DUPLICATE_METHOD_MATCH = YES;
				"CODE_SIGN_IDENTITY[sdk=iphoneos*]" = "iPhone Developer";
				COPY_PHASE_STRIP = NO;
				DEBUG_INFORMATION_FORMAT = "dwarf-with-dsym";
				ENABLE_NS_ASSERTIONS = NO;
				ENABLE_STRICT_OBJC_MSGSEND = YES;
				GCC_C_LANGUAGE_STANDARD = gnu99;
				GCC_NO_COMMON_BLOCKS = YES;
				GCC_WARN_64_TO_32_BIT_CONVERSION = YES;
				GCC_WARN_ABOUT_RETURN_TYPE = YES_ERROR;
				GCC_WARN_UNDECLARED_SELECTOR = YES;
				GCC_WARN_UNINITIALIZED_AUTOS = YES_AGGRESSIVE;
				GCC_WARN_UNUSED_FUNCTION = YES;
				GCC_WARN_UNUSED_VARIABLE = YES;
				IPHONEOS_DEPLOYMENT_TARGET = 9.2;
				MTL_ENABLE_DEBUG_INFO = NO;
				SDKROOT = iphoneos;
				VALIDATE_PRODUCT = YES;
			};
			name = Release;
		};
		3D8A837E1C8916EE00D7EB9E /* Debug */ = {
			isa = XCBuildConfiguration;
			buildSettings = {
				ASSETCATALOG_COMPILER_APPICON_NAME = AppIcon;
				FRAMEWORK_SEARCH_PATHS = (
					"$(inherited)",
					"$(PROJECT_DIR)/Carthage/Build/iOS",
				);
				INFOPLIST_FILE = Repository/Info.plist;
				LD_RUNPATH_SEARCH_PATHS = "$(inherited) @executable_path/Frameworks";
				PRODUCT_BUNDLE_IDENTIFIER = com.github.naoty.playground.Repository;
				PRODUCT_NAME = "$(TARGET_NAME)";
			};
			name = Debug;
		};
		3D8A837F1C8916EE00D7EB9E /* Release */ = {
			isa = XCBuildConfiguration;
			buildSettings = {
				ASSETCATALOG_COMPILER_APPICON_NAME = AppIcon;
				FRAMEWORK_SEARCH_PATHS = (
					"$(inherited)",
					"$(PROJECT_DIR)/Carthage/Build/iOS",
				);
				INFOPLIST_FILE = Repository/Info.plist;
				LD_RUNPATH_SEARCH_PATHS = "$(inherited) @executable_path/Frameworks";
				PRODUCT_BUNDLE_IDENTIFIER = com.github.naoty.playground.Repository;
				PRODUCT_NAME = "$(TARGET_NAME)";
			};
			name = Release;
		};
/* End XCBuildConfiguration section */

/* Begin XCConfigurationList section */
		3D8A83661C8916EE00D7EB9E /* Build configuration list for PBXProject "Repository" */ = {
			isa = XCConfigurationList;
			buildConfigurations = (
				3D8A837B1C8916EE00D7EB9E /* Debug */,
				3D8A837C1C8916EE00D7EB9E /* Release */,
			);
			defaultConfigurationIsVisible = 0;
			defaultConfigurationName = Release;
		};
		3D8A837D1C8916EE00D7EB9E /* Build configuration list for PBXNativeTarget "Repository" */ = {
			isa = XCConfigurationList;
			buildConfigurations = (
				3D8A837E1C8916EE00D7EB9E /* Debug */,
				3D8A837F1C8916EE00D7EB9E /* Release */,
			);
			defaultConfigurationIsVisible = 0;
			defaultConfigurationName = Release;
		};
/* End XCConfigurationList section */
	};
	rootObject = 3D8A83631C8916EE00D7EB9E /* Project object */;
}
