// !$*UTF8*$!
{
	archiveVersion = 1;
	classes = {
	};
	objectVersion = 46;
	objects = {

/* Begin PBXBuildFile section */
		3DAAF9B41C91559A000DD1FF /* AppDelegate.swift in Sources */ = {isa = PBXBuildFile; fileRef = 3DAAF9B31C91559A000DD1FF /* AppDelegate.swift */; };
		3DAAF9B91C91559A000DD1FF /* PokemonTableView.storyboard in Resources */ = {isa = PBXBuildFile; fileRef = 3DAAF9B71C91559A000DD1FF /* PokemonTableView.storyboard */; };
		3DAAF9BB1C91559A000DD1FF /* Assets.xcassets in Resources */ = {isa = PBXBuildFile; fileRef = 3DAAF9BA1C91559A000DD1FF /* Assets.xcassets */; };
		3DAAF9BE1C91559A000DD1FF /* LaunchScreen.storyboard in Resources */ = {isa = PBXBuildFile; fileRef = 3DAAF9BC1C91559A000DD1FF /* LaunchScreen.storyboard */; };
		3DAAF9C61C91565F000DD1FF /* PokemonTableViewController.swift in Sources */ = {isa = PBXBuildFile; fileRef = 3DAAF9C51C91565F000DD1FF /* PokemonTableViewController.swift */; };
		3DAAF9C81C91566D000DD1FF /* Pokemon.swift in Sources */ = {isa = PBXBuildFile; fileRef = 3DAAF9C71C91566D000DD1FF /* Pokemon.swift */; };
		3DAAF9CA1C9157FE000DD1FF /* ResultContainerViewController.swift in Sources */ = {isa = PBXBuildFile; fileRef = 3DAAF9C91C9157FE000DD1FF /* ResultContainerViewController.swift */; };
		3DAAF9CD1C91585E000DD1FF /* ResultContainerView.storyboard in Resources */ = {isa = PBXBuildFile; fileRef = 3DAAF9CB1C91585E000DD1FF /* ResultContainerView.storyboard */; };
		3DAAF9CF1C915CD7000DD1FF /* EmptyViewController.swift in Sources */ = {isa = PBXBuildFile; fileRef = 3DAAF9CE1C915CD7000DD1FF /* EmptyViewController.swift */; };
		3DAAF9D21C915CF0000DD1FF /* EmptyView.storyboard in Resources */ = {isa = PBXBuildFile; fileRef = 3DAAF9D01C915CF0000DD1FF /* EmptyView.storyboard */; };
		3DAAF9D51C916071000DD1FF /* Localizable.strings in Resources */ = {isa = PBXBuildFile; fileRef = 3DAAF9D31C916071000DD1FF /* Localizable.strings */; };
/* End PBXBuildFile section */

/* Begin PBXFileReference section */
		3DAAF9B01C91559A000DD1FF /* ResultContainer.app */ = {isa = PBXFileReference; explicitFileType = wrapper.application; includeInIndex = 0; path = ResultContainer.app; sourceTree = BUILT_PRODUCTS_DIR; };
		3DAAF9B31C91559A000DD1FF /* AppDelegate.swift */ = {isa = PBXFileReference; lastKnownFileType = sourcecode.swift; path = AppDelegate.swift; sourceTree = "<group>"; };
		3DAAF9B81C91559A000DD1FF /* Base */ = {isa = PBXFileReference; lastKnownFileType = file.storyboard; name = Base; path = Base.lproj/PokemonTableView.storyboard; sourceTree = "<group>"; };
		3DAAF9BA1C91559A000DD1FF /* Assets.xcassets */ = {isa = PBXFileReference; lastKnownFileType = folder.assetcatalog; path = Assets.xcassets; sourceTree = "<group>"; };
		3DAAF9BD1C91559A000DD1FF /* Base */ = {isa = PBXFileReference; lastKnownFileType = file.storyboard; name = Base; path = Base.lproj/LaunchScreen.storyboard; sourceTree = "<group>"; };
		3DAAF9BF1C91559A000DD1FF /* Info.plist */ = {isa = PBXFileReference; lastKnownFileType = text.plist.xml; path = Info.plist; sourceTree = "<group>"; };
		3DAAF9C51C91565F000DD1FF /* PokemonTableViewController.swift */ = {isa = PBXFileReference; fileEncoding = 4; lastKnownFileType = sourcecode.swift; path = PokemonTableViewController.swift; sourceTree = "<group>"; };
		3DAAF9C71C91566D000DD1FF /* Pokemon.swift */ = {isa = PBXFileReference; fileEncoding = 4; lastKnownFileType = sourcecode.swift; path = Pokemon.swift; sourceTree = "<group>"; };
		3DAAF9C91C9157FE000DD1FF /* ResultContainerViewController.swift */ = {isa = PBXFileReference; fileEncoding = 4; lastKnownFileType = sourcecode.swift; path = ResultContainerViewController.swift; sourceTree = "<group>"; };
		3DAAF9CC1C91585E000DD1FF /* Base */ = {isa = PBXFileReference; lastKnownFileType = file.storyboard; name = Base; path = Base.lproj/ResultContainerView.storyboard; sourceTree = "<group>"; };
		3DAAF9CE1C915CD7000DD1FF /* EmptyViewController.swift */ = {isa = PBXFileReference; fileEncoding = 4; lastKnownFileType = sourcecode.swift; path = EmptyViewController.swift; sourceTree = "<group>"; };
		3DAAF9D11C915CF0000DD1FF /* Base */ = {isa = PBXFileReference; lastKnownFileType = file.storyboard; name = Base; path = Base.lproj/EmptyView.storyboard; sourceTree = "<group>"; };
		3DAAF9D41C916071000DD1FF /* Base */ = {isa = PBXFileReference; lastKnownFileType = text.plist.strings; name = Base; path = Base.lproj/Localizable.strings; sourceTree = "<group>"; };
/* End PBXFileReference section */

/* Begin PBXFrameworksBuildPhase section */
		3DAAF9AD1C91559A000DD1FF /* Frameworks */ = {
			isa = PBXFrameworksBuildPhase;
			buildActionMask = 2147483647;
			files = (
			);
			runOnlyForDeploymentPostprocessing = 0;
		};
/* End PBXFrameworksBuildPhase section */

/* Begin PBXGroup section */
		3DAAF9A71C91559A000DD1FF = {
			isa = PBXGroup;
			children = (
				3DAAF9B21C91559A000DD1FF /* ResultContainer */,
				3DAAF9B11C91559A000DD1FF /* Products */,
			);
			sourceTree = "<group>";
		};
		3DAAF9B11C91559A000DD1FF /* Products */ = {
			isa = PBXGroup;
			children = (
				3DAAF9B01C91559A000DD1FF /* ResultContainer.app */,
			);
			name = Products;
			sourceTree = "<group>";
		};
		3DAAF9B21C91559A000DD1FF /* ResultContainer */ = {
			isa = PBXGroup;
			children = (
				3DAAF9BF1C91559A000DD1FF /* Info.plist */,
				3DAAF9B31C91559A000DD1FF /* AppDelegate.swift */,
				3DAAF9CE1C915CD7000DD1FF /* EmptyViewController.swift */,
				3DAAF9C71C91566D000DD1FF /* Pokemon.swift */,
				3DAAF9C51C91565F000DD1FF /* PokemonTableViewController.swift */,
				3DAAF9C91C9157FE000DD1FF /* ResultContainerViewController.swift */,
				3DAAF9BA1C91559A000DD1FF /* Assets.xcassets */,
				3DAAF9D01C915CF0000DD1FF /* EmptyView.storyboard */,
				3DAAF9BC1C91559A000DD1FF /* LaunchScreen.storyboard */,
				3DAAF9B71C91559A000DD1FF /* PokemonTableView.storyboard */,
				3DAAF9CB1C91585E000DD1FF /* ResultContainerView.storyboard */,
				3DAAF9D31C916071000DD1FF /* Localizable.strings */,
			);
			path = ResultContainer;
			sourceTree = "<group>";
		};
/* End PBXGroup section */

/* Begin PBXNativeTarget section */
		3DAAF9AF1C91559A000DD1FF /* ResultContainer */ = {
			isa = PBXNativeTarget;
			buildConfigurationList = 3DAAF9C21C91559A000DD1FF /* Build configuration list for PBXNativeTarget "ResultContainer" */;
			buildPhases = (
				3DAAF9AC1C91559A000DD1FF /* Sources */,
				3DAAF9AD1C91559A000DD1FF /* Frameworks */,
				3DAAF9AE1C91559A000DD1FF /* Resources */,
			);
			buildRules = (
			);
			dependencies = (
			);
			name = ResultContainer;
			productName = ResultContainer;
			productReference = 3DAAF9B01C91559A000DD1FF /* ResultContainer.app */;
			productType = "com.apple.product-type.application";
		};
/* End PBXNativeTarget section */

/* Begin PBXProject section */
		3DAAF9A81C91559A000DD1FF /* Project object */ = {
			isa = PBXProject;
			attributes = {
				LastSwiftUpdateCheck = 0720;
				LastUpgradeCheck = 0720;
				ORGANIZATIONNAME = "Naoto Kaneko";
				TargetAttributes = {
					3DAAF9AF1C91559A000DD1FF = {
						CreatedOnToolsVersion = 7.2.1;
					};
				};
			};
			buildConfigurationList = 3DAAF9AB1C91559A000DD1FF /* Build configuration list for PBXProject "ResultContainer" */;
			compatibilityVersion = "Xcode 3.2";
			developmentRegion = English;
			hasScannedForEncodings = 0;
			knownRegions = (
				en,
				Base,
			);
			mainGroup = 3DAAF9A71C91559A000DD1FF;
			productRefGroup = 3DAAF9B11C91559A000DD1FF /* Products */;
			projectDirPath = "";
			projectRoot = "";
			targets = (
				3DAAF9AF1C91559A000DD1FF /* ResultContainer */,
			);
		};
/* End PBXProject section */

/* Begin PBXResourcesBuildPhase section */
		3DAAF9AE1C91559A000DD1FF /* Resources */ = {
			isa = PBXResourcesBuildPhase;
			buildActionMask = 2147483647;
			files = (
				3DAAF9BE1C91559A000DD1FF /* LaunchScreen.storyboard in Resources */,
				3DAAF9D51C916071000DD1FF /* Localizable.strings in Resources */,
				3DAAF9BB1C91559A000DD1FF /* Assets.xcassets in Resources */,
				3DAAF9CD1C91585E000DD1FF /* ResultContainerView.storyboard in Resources */,
				3DAAF9D21C915CF0000DD1FF /* EmptyView.storyboard in Resources */,
				3DAAF9B91C91559A000DD1FF /* PokemonTableView.storyboard in Resources */,
			);
			runOnlyForDeploymentPostprocessing = 0;
		};
/* End PBXResourcesBuildPhase section */

/* Begin PBXSourcesBuildPhase section */
		3DAAF9AC1C91559A000DD1FF /* Sources */ = {
			isa = PBXSourcesBuildPhase;
			buildActionMask = 2147483647;
			files = (
				3DAAF9C61C91565F000DD1FF /* PokemonTableViewController.swift in Sources */,
				3DAAF9B41C91559A000DD1FF /* AppDelegate.swift in Sources */,
				3DAAF9CF1C915CD7000DD1FF /* EmptyViewController.swift in Sources */,
				3DAAF9C81C91566D000DD1FF /* Pokemon.swift in Sources */,
				3DAAF9CA1C9157FE000DD1FF /* ResultContainerViewController.swift in Sources */,
			);
			runOnlyForDeploymentPostprocessing = 0;
		};
/* End PBXSourcesBuildPhase section */

/* Begin PBXVariantGroup section */
		3DAAF9B71C91559A000DD1FF /* PokemonTableView.storyboard */ = {
			isa = PBXVariantGroup;
			children = (
				3DAAF9B81C91559A000DD1FF /* Base */,
			);
			name = PokemonTableView.storyboard;
			sourceTree = "<group>";
		};
		3DAAF9BC1C91559A000DD1FF /* LaunchScreen.storyboard */ = {
			isa = PBXVariantGroup;
			children = (
				3DAAF9BD1C91559A000DD1FF /* Base */,
			);
			name = LaunchScreen.storyboard;
			sourceTree = "<group>";
		};
		3DAAF9CB1C91585E000DD1FF /* ResultContainerView.storyboard */ = {
			isa = PBXVariantGroup;
			children = (
				3DAAF9CC1C91585E000DD1FF /* Base */,
			);
			name = ResultContainerView.storyboard;
			sourceTree = "<group>";
		};
		3DAAF9D01C915CF0000DD1FF /* EmptyView.storyboard */ = {
			isa = PBXVariantGroup;
			children = (
				3DAAF9D11C915CF0000DD1FF /* Base */,
			);
			name = EmptyView.storyboard;
			sourceTree = "<group>";
		};
		3DAAF9D31C916071000DD1FF /* Localizable.strings */ = {
			isa = PBXVariantGroup;
			children = (
				3DAAF9D41C916071000DD1FF /* Base */,
			);
			name = Localizable.strings;
			sourceTree = "<group>";
		};
/* End PBXVariantGroup section */

/* Begin XCBuildConfiguration section */
		3DAAF9C01C91559A000DD1FF /* Debug */ = {
			isa = XCBuildConfiguration;
			buildSettings = {
				ALWAYS_SEARCH_USER_PATHS = NO;
				CLANG_CXX_LANGUAGE_STANDARD = "gnu++0x";
				CLANG_CXX_LIBRARY = "libc++";
				CLANG_ENABLE_MODULES = YES;
				CLANG_ENABLE_OBJC_ARC = YES;
				CLANG_WARN_BOOL_CONVERSION = YES;
				CLANG_WARN_CONSTANT_CONVERSION = YES;
				CLANG_WARN_DIRECT_OBJC_ISA_USAGE = YES_ERROR;
				CLANG_WARN_EMPTY_BODY = YES;
				CLANG_WARN_ENUM_CONVERSION = YES;
				CLANG_WARN_INT_CONVERSION = YES;
				CLANG_WARN_OBJC_ROOT_CLASS = YES_ERROR;
				CLANG_WARN_UNREACHABLE_CODE = YES;
				CLANG_WARN__DUPLICATE_METHOD_MATCH = YES;
				"CODE_SIGN_IDENTITY[sdk=iphoneos*]" = "iPhone Developer";
				COPY_PHASE_STRIP = NO;
				DEBUG_INFORMATION_FORMAT = dwarf;
				ENABLE_STRICT_OBJC_MSGSEND = YES;
				ENABLE_TESTABILITY = YES;
				GCC_C_LANGUAGE_STANDARD = gnu99;
				GCC_DYNAMIC_NO_PIC = NO;
				GCC_NO_COMMON_BLOCKS = YES;
				GCC_OPTIMIZATION_LEVEL = 0;
				GCC_PREPROCESSOR_DEFINITIONS = (
					"DEBUG=1",
					"$(inherited)",
				);
				GCC_WARN_64_TO_32_BIT_CONVERSION = YES;
				GCC_WARN_ABOUT_RETURN_TYPE = YES_ERROR;
				GCC_WARN_UNDECLARED_SELECTOR = YES;
				GCC_WARN_UNINITIALIZED_AUTOS = YES_AGGRESSIVE;
				GCC_WARN_UNUSED_FUNCTION = YES;
				GCC_WARN_UNUSED_VARIABLE = YES;
				IPHONEOS_DEPLOYMENT_TARGET = 9.2;
				MTL_ENABLE_DEBUG_INFO = YES;
				ONLY_ACTIVE_ARCH = YES;
				SDKROOT = iphoneos;
				SWIFT_OPTIMIZATION_LEVEL = "-Onone";
			};
			name = Debug;
		};
		3DAAF9C11C91559A000DD1FF /* Release */ = {
			isa = XCBuildConfiguration;
			buildSettings = {
				ALWAYS_SEARCH_USER_PATHS = NO;
				CLANG_CXX_LANGUAGE_STANDARD = "gnu++0x";
				CLANG_CXX_LIBRARY = "libc++";
				CLANG_ENABLE_MODULES = YES;
				CLANG_ENABLE_OBJC_ARC = YES;
				CLANG_WARN_BOOL_CONVERSION = YES;
				CLANG_WARN_CONSTANT_CONVERSION = YES;
				CLANG_WARN_DIRECT_OBJC_ISA_USAGE = YES_ERROR;
				CLANG_WARN_EMPTY_BODY = YES;
				CLANG_WARN_ENUM_CONVERSION = YES;
				CLANG_WARN_INT_CONVERSION = YES;
				CLANG_WARN_OBJC_ROOT_CLASS = YES_ERROR;
				CLANG_WARN_UNREACHABLE_CODE = YES;
				CLANG_WARN__DUPLICATE_METHOD_MATCH = YES;
				"CODE_SIGN_IDENTITY[sdk=iphoneos*]" = "iPhone Developer";
				COPY_PHASE_STRIP = NO;
				DEBUG_INFORMATION_FORMAT = "dwarf-with-dsym";
				ENABLE_NS_ASSERTIONS = NO;
				ENABLE_STRICT_OBJC_MSGSEND = YES;
				GCC_C_LANGUAGE_STANDARD = gnu99;
				GCC_NO_COMMON_BLOCKS = YES;
				GCC_WARN_64_TO_32_BIT_CONVERSION = YES;
				GCC_WARN_ABOUT_RETURN_TYPE = YES_ERROR;
				GCC_WARN_UNDECLARED_SELECTOR = YES;
				GCC_WARN_UNINITIALIZED_AUTOS = YES_AGGRESSIVE;
				GCC_WARN_UNUSED_FUNCTION = YES;
				GCC_WARN_UNUSED_VARIABLE = YES;
				IPHONEOS_DEPLOYMENT_TARGET = 9.2;
				MTL_ENABLE_DEBUG_INFO = NO;
				SDKROOT = iphoneos;
				VALIDATE_PRODUCT = YES;
			};
			name = Release;
		};
		3DAAF9C31C91559A000DD1FF /* Debug */ = {
			isa = XCBuildConfiguration;
			buildSettings = {
				ASSETCATALOG_COMPILER_APPICON_NAME = AppIcon;
				INFOPLIST_FILE = ResultContainer/Info.plist;
				LD_RUNPATH_SEARCH_PATHS = "$(inherited) @executable_path/Frameworks";
				PRODUCT_BUNDLE_IDENTIFIER = com.github.naoty.playground.ResultContainer;
				PRODUCT_NAME = "$(TARGET_NAME)";
			};
			name = Debug;
		};
		3DAAF9C41C91559A000DD1FF /* Release */ = {
			isa = XCBuildConfiguration;
			buildSettings = {
				ASSETCATALOG_COMPILER_APPICON_NAME = AppIcon;
				INFOPLIST_FILE = ResultContainer/Info.plist;
				LD_RUNPATH_SEARCH_PATHS = "$(inherited) @executable_path/Frameworks";
				PRODUCT_BUNDLE_IDENTIFIER = com.github.naoty.playground.ResultContainer;
				PRODUCT_NAME = "$(TARGET_NAME)";
			};
			name = Release;
		};
/* End XCBuildConfiguration section */

/* Begin XCConfigurationList section */
		3DAAF9AB1C91559A000DD1FF /* Build configuration list for PBXProject "ResultContainer" */ = {
			isa = XCConfigurationList;
			buildConfigurations = (
				3DAAF9C01C91559A000DD1FF /* Debug */,
				3DAAF9C11C91559A000DD1FF /* Release */,
			);
			defaultConfigurationIsVisible = 0;
			defaultConfigurationName = Release;
		};
		3DAAF9C21C91559A000DD1FF /* Build configuration list for PBXNativeTarget "ResultContainer" */ = {
			isa = XCConfigurationList;
			buildConfigurations = (
				3DAAF9C31C91559A000DD1FF /* Debug */,
				3DAAF9C41C91559A000DD1FF /* Release */,
			);
			defaultConfigurationIsVisible = 0;
		};
/* End XCConfigurationList section */
	};
	rootObject = 3DAAF9A81C91559A000DD1FF /* Project object */;
}
